// !$*UTF8*$!
{
	archiveVersion = 1;
	classes = {
	};
	objectVersion = 50;
	objects = {

/* Begin PBXBuildFile section */
		CBC220C52428497400D331C5 /* AppDelegate.swift in Sources */ = {isa = PBXBuildFile; fileRef = CBC220C42428497400D331C5 /* AppDelegate.swift */; };
		CBC220C72428497400D331C5 /* SceneDelegate.swift in Sources */ = {isa = PBXBuildFile; fileRef = CBC220C62428497400D331C5 /* SceneDelegate.swift */; };
		CBC220C92428497400D331C5 /* ViewController.swift in Sources */ = {isa = PBXBuildFile; fileRef = CBC220C82428497400D331C5 /* ViewController.swift */; };
		CBC220CC2428497400D331C5 /* Main.storyboard in Resources */ = {isa = PBXBuildFile; fileRef = CBC220CA2428497400D331C5 /* Main.storyboard */; };
		CBC220CE2428497600D331C5 /* Assets.xcassets in Resources */ = {isa = PBXBuildFile; fileRef = CBC220CD2428497600D331C5 /* Assets.xcassets */; };
		CBC220D12428497600D331C5 /* LaunchScreen.storyboard in Resources */ = {isa = PBXBuildFile; fileRef = CBC220CF2428497600D331C5 /* LaunchScreen.storyboard */; };
		CBC220D924284A1900D331C5 /* UIButton+Extensions.swift in Sources */ = {isa = PBXBuildFile; fileRef = CBC220D824284A1900D331C5 /* UIButton+Extensions.swift */; };
		CBC220DB24284CE100D331C5 /* UIView+Extensions.swift in Sources */ = {isa = PBXBuildFile; fileRef = CBC220DA24284CE100D331C5 /* UIView+Extensions.swift */; };
/* End PBXBuildFile section */

/* Begin PBXFileReference section */
		CBC220C12428497400D331C5 /* UIControlExtensions.app */ = {isa = PBXFileReference; explicitFileType = wrapper.application; includeInIndex = 0; path = UIControlExtensions.app; sourceTree = BUILT_PRODUCTS_DIR; };
		CBC220C42428497400D331C5 /* AppDelegate.swift */ = {isa = PBXFileReference; lastKnownFileType = sourcecode.swift; path = AppDelegate.swift; sourceTree = "<group>"; };
		CBC220C62428497400D331C5 /* SceneDelegate.swift */ = {isa = PBXFileReference; lastKnownFileType = sourcecode.swift; path = SceneDelegate.swift; sourceTree = "<group>"; };
		CBC220C82428497400D331C5 /* ViewController.swift */ = {isa = PBXFileReference; lastKnownFileType = sourcecode.swift; path = ViewController.swift; sourceTree = "<group>"; };
		CBC220CB2428497400D331C5 /* Base */ = {isa = PBXFileReference; lastKnownFileType = file.storyboard; name = Base; path = Base.lproj/Main.storyboard; sourceTree = "<group>"; };
		CBC220CD2428497600D331C5 /* Assets.xcassets */ = {isa = PBXFileReference; lastKnownFileType = folder.assetcatalog; path = Assets.xcassets; sourceTree = "<group>"; };
		CBC220D02428497600D331C5 /* Base */ = {isa = PBXFileReference; lastKnownFileType = file.storyboard; name = Base; path = Base.lproj/LaunchScreen.storyboard; sourceTree = "<group>"; };
		CBC220D22428497600D331C5 /* Info.plist */ = {isa = PBXFileReference; lastKnownFileType = text.plist.xml; path = Info.plist; sourceTree = "<group>"; };
		CBC220D824284A1900D331C5 /* UIButton+Extensions.swift */ = {isa = PBXFileReference; lastKnownFileType = sourcecode.swift; path = "UIButton+Extensions.swift"; sourceTree = "<group>"; };
		CBC220DA24284CE100D331C5 /* UIView+Extensions.swift */ = {isa = PBXFileReference; lastKnownFileType = sourcecode.swift; path = "UIView+Extensions.swift"; sourceTree = "<group>"; };
/* End PBXFileReference section */

/* Begin PBXFrameworksBuildPhase section */
		CBC220BE2428497400D331C5 /* Frameworks */ = {
			isa = PBXFrameworksBuildPhase;
			buildActionMask = 2147483647;
			files = (
			);
			runOnlyForDeploymentPostprocessing = 0;
		};
/* End PBXFrameworksBuildPhase section */

/* Begin PBXGroup section */
		CBC220B82428497400D331C5 = {
			isa = PBXGroup;
			children = (
				CBC220C32428497400D331C5 /* UIControlExtensions */,
				CBC220C22428497400D331C5 /* Products */,
			);
			sourceTree = "<group>";
		};
		CBC220C22428497400D331C5 /* Products */ = {
			isa = PBXGroup;
			children = (
				CBC220C12428497400D331C5 /* UIControlExtensions.app */,
			);
			name = Products;
			sourceTree = "<group>";
		};
		CBC220C32428497400D331C5 /* UIControlExtensions */ = {
			isa = PBXGroup;
			children = (
				CBC220C42428497400D331C5 /* AppDelegate.swift */,
				CBC220C62428497400D331C5 /* SceneDelegate.swift */,
				CBC220C82428497400D331C5 /* ViewController.swift */,
				CBC220D824284A1900D331C5 /* UIButton+Extensions.swift */,
				CBC220DA24284CE100D331C5 /* UIView+Extensions.swift */,
				CBC220CA2428497400D331C5 /* Main.storyboard */,
				CBC220CD2428497600D331C5 /* Assets.xcassets */,
				CBC220CF2428497600D331C5 /* LaunchScreen.storyboard */,
				CBC220D22428497600D331C5 /* Info.plist */,
			);
			path = UIControlExtensions;
			sourceTree = "<group>";
		};
/* End PBXGroup section */

/* Begin PBXNativeTarget section */
		CBC220C02428497400D331C5 /* UIControlExtensions */ = {
			isa = PBXNativeTarget;
			buildConfigurationList = CBC220D52428497600D331C5 /* Build configuration list for PBXNativeTarget "UIControlExtensions" */;
			buildPhases = (
				CBC220BD2428497400D331C5 /* Sources */,
				CBC220BE2428497400D331C5 /* Frameworks */,
				CBC220BF2428497400D331C5 /* Resources */,
			);
			buildRules = (
			);
			dependencies = (
			);
			name = UIControlExtensions;
			productName = UIControlExtensions;
			productReference = CBC220C12428497400D331C5 /* UIControlExtensions.app */;
			productType = "com.apple.product-type.application";
		};
/* End PBXNativeTarget section */

/* Begin PBXProject section */
		CBC220B92428497400D331C5 /* Project object */ = {
			isa = PBXProject;
			attributes = {
				LastSwiftUpdateCheck = 1130;
				LastUpgradeCheck = 1130;
				ORGANIZATIONNAME = "Umer Khan";
				TargetAttributes = {
					CBC220C02428497400D331C5 = {
						CreatedOnToolsVersion = 11.3.1;
					};
				};
			};
			buildConfigurationList = CBC220BC2428497400D331C5 /* Build configuration list for PBXProject "UIControlExtensions" */;
			compatibilityVersion = "Xcode 9.3";
			developmentRegion = en;
			hasScannedForEncodings = 0;
			knownRegions = (
				en,
				Base,
			);
			mainGroup = CBC220B82428497400D331C5;
			productRefGroup = CBC220C22428497400D331C5 /* Products */;
			projectDirPath = "";
			projectRoot = "";
			targets = (
				CBC220C02428497400D331C5 /* UIControlExtensions */,
			);
		};
/* End PBXProject section */

/* Begin PBXResourcesBuildPhase section */
		CBC220BF2428497400D331C5 /* Resources */ = {
			isa = PBXResourcesBuildPhase;
			buildActionMask = 2147483647;
			files = (
				CBC220D12428497600D331C5 /* LaunchScreen.storyboard in Resources */,
				CBC220CE2428497600D331C5 /* Assets.xcassets in Resources */,
				CBC220CC2428497400D331C5 /* Main.storyboard in Resources */,
			);
			runOnlyForDeploymentPostprocessing = 0;
		};
/* End PBXResourcesBuildPhase section */

/* Begin PBXSourcesBuildPhase section */
		CBC220BD2428497400D331C5 /* Sources */ = {
			isa = PBXSourcesBuildPhase;
			buildActionMask = 2147483647;
			files = (
				CBC220C92428497400D331C5 /* ViewController.swift in Sources */,
				CBC220D924284A1900D331C5 /* UIButton+Extensions.swift in Sources */,
				CBC220DB24284CE100D331C5 /* UIView+Extensions.swift in Sources */,
				CBC220C52428497400D331C5 /* AppDelegate.swift in Sources */,
				CBC220C72428497400D331C5 /* SceneDelegate.swift in Sources */,
			);
			runOnlyForDeploymentPostprocessing = 0;
		};
/* End PBXSourcesBuildPhase section */

/* Begin PBXVariantGroup section */
		CBC220CA2428497400D331C5 /* Main.storyboard */ = {
			isa = PBXVariantGroup;
			children = (
				CBC220CB2428497400D331C5 /* Base */,
			);
			name = Main.storyboard;
			sourceTree = "<group>";
		};
		CBC220CF2428497600D331C5 /* LaunchScreen.storyboard */ = {
			isa = PBXVariantGroup;
			children = (
				CBC220D02428497600D331C5 /* Base */,
			);
			name = LaunchScreen.storyboard;
			sourceTree = "<group>";
		};
/* End PBXVariantGroup section */

/* Begin XCBuildConfiguration section */
		CBC220D32428497600D331C5 /* Debug */ = {
			isa = XCBuildConfiguration;
			buildSettings = {
				ALWAYS_SEARCH_USER_PATHS = NO;
				CLANG_ANALYZER_NONNULL = YES;
				CLANG_ANALYZER_NUMBER_OBJECT_CONVERSION = YES_AGGRESSIVE;
				CLANG_CXX_LANGUAGE_STANDARD = "gnu++14";
				CLANG_CXX_LIBRARY = "libc++";
				CLANG_ENABLE_MODULES = YES;
				CLANG_ENABLE_OBJC_ARC = YES;
				CLANG_ENABLE_OBJC_WEAK = YES;
				CLANG_WARN_BLOCK_CAPTURE_AUTORELEASING = YES;
				CLANG_WARN_BOOL_CONVERSION = YES;
				CLANG_WARN_COMMA = YES;
				CLANG_WARN_CONSTANT_CONVERSION = YES;
				CLANG_WARN_DEPRECATED_OBJC_IMPLEMENTATIONS = YES;
				CLANG_WARN_DIRECT_OBJC_ISA_USAGE = YES_ERROR;
				CLANG_WARN_DOCUMENTATION_COMMENTS = YES;
				CLANG_WARN_EMPTY_BODY = YES;
				CLANG_WARN_ENUM_CONVERSION = YES;
				CLANG_WARN_INFINITE_RECURSION = YES;
				CLANG_WARN_INT_CONVERSION = YES;
				CLANG_WARN_NON_LITERAL_NULL_CONVERSION = YES;
				CLANG_WARN_OBJC_IMPLICIT_RETAIN_SELF = YES;
				CLANG_WARN_OBJC_LITERAL_CONVERSION = YES;
				CLANG_WARN_OBJC_ROOT_CLASS = YES_ERROR;
				CLANG_WARN_RANGE_LOOP_ANALYSIS = YES;
				CLANG_WARN_STRICT_PROTOTYPES = YES;
				CLANG_WARN_SUSPICIOUS_MOVE = YES;
				CLANG_WARN_UNGUARDED_AVAILABILITY = YES_AGGRESSIVE;
				CLANG_WARN_UNREACHABLE_CODE = YES;
				CLANG_WARN__DUPLICATE_METHOD_MATCH = YES;
				COPY_PHASE_STRIP = NO;
				DEBUG_INFORMATION_FORMAT = dwarf;
				ENABLE_STRICT_OBJC_MSGSEND = YES;
				ENABLE_TESTABILITY = YES;
				GCC_C_LANGUAGE_STANDARD = gnu11;
				GCC_DYNAMIC_NO_PIC = NO;
				GCC_NO_COMMON_BLOCKS = YES;
				GCC_OPTIMIZATION_LEVEL = 0;
				GCC_PREPROCESSOR_DEFINITIONS = (
					"DEBUG=1",
					"$(inherited)",
				);
				GCC_WARN_64_TO_32_BIT_CONVERSION = YES;
				GCC_WARN_ABOUT_RETURN_TYPE = YES_ERROR;
				GCC_WARN_UNDECLARED_SELECTOR = YES;
				GCC_WARN_UNINITIALIZED_AUTOS = YES_AGGRESSIVE;
				GCC_WARN_UNUSED_FUNCTION = YES;
				GCC_WARN_UNUSED_VARIABLE = YES;
				IPHONEOS_DEPLOYMENT_TARGET = 13.2;
				MTL_ENABLE_DEBUG_INFO = INCLUDE_SOURCE;
				MTL_FAST_MATH = YES;
				ONLY_ACTIVE_ARCH = YES;
				SDKROOT = iphoneos;
				SWIFT_ACTIVE_COMPILATION_CONDITIONS = DEBUG;
				SWIFT_OPTIMIZATION_LEVEL = "-Onone";
			};
			name = Debug;
		};
		CBC220D42428497600D331C5 /* Release */ = {
			isa = XCBuildConfiguration;
			buildSettings = {
				ALWAYS_SEARCH_USER_PATHS = NO;
				CLANG_ANALYZER_NONNULL = YES;
				CLANG_ANALYZER_NUMBER_OBJECT_CONVERSION = YES_AGGRESSIVE;
				CLANG_CXX_LANGUAGE_STANDARD = "gnu++14";
				CLANG_CXX_LIBRARY = "libc++";
				CLANG_ENABLE_MODULES = YES;
				CLANG_ENABLE_OBJC_ARC = YES;
				CLANG_ENABLE_OBJC_WEAK = YES;
				CLANG_WARN_BLOCK_CAPTURE_AUTORELEASING = YES;
				CLANG_WARN_BOOL_CONVERSION = YES;
				CLANG_WARN_COMMA = YES;
				CLANG_WARN_CONSTANT_CONVERSION = YES;
				CLANG_WARN_DEPRECATED_OBJC_IMPLEMENTATIONS = YES;
				CLANG_WARN_DIRECT_OBJC_ISA_USAGE = YES_ERROR;
				CLANG_WARN_DOCUMENTATION_COMMENTS = YES;
				CLANG_WARN_EMPTY_BODY = YES;
				CLANG_WARN_ENUM_CONVERSION = YES;
				CLANG_WARN_INFINITE_RECURSION = YES;
				CLANG_WARN_INT_CONVERSION = YES;
				CLANG_WARN_NON_LITERAL_NULL_CONVERSION = YES;
				CLANG_WARN_OBJC_IMPLICIT_RETAIN_SELF = YES;
				CLANG_WARN_OBJC_LITERAL_CONVERSION = YES;
				CLANG_WARN_OBJC_ROOT_CLASS = YES_ERROR;
				CLANG_WARN_RANGE_LOOP_ANALYSIS = YES;
				CLANG_WARN_STRICT_PROTOTYPES = YES;
				CLANG_WARN_SUSPICIOUS_MOVE = YES;
				CLANG_WARN_UNGUARDED_AVAILABILITY = YES_AGGRESSIVE;
				CLANG_WARN_UNREACHABLE_CODE = YES;
				CLANG_WARN__DUPLICATE_METHOD_MATCH = YES;
				COPY_PHASE_STRIP = NO;
				DEBUG_INFORMATION_FORMAT = "dwarf-with-dsym";
				ENABLE_NS_ASSERTIONS = NO;
				ENABLE_STRICT_OBJC_MSGSEND = YES;
				GCC_C_LANGUAGE_STANDARD = gnu11;
				GCC_NO_COMMON_BLOCKS = YES;
				GCC_WARN_64_TO_32_BIT_CONVERSION = YES;
				GCC_WARN_ABOUT_RETURN_TYPE = YES_ERROR;
				GCC_WARN_UNDECLARED_SELECTOR = YES;
				GCC_WARN_UNINITIALIZED_AUTOS = YES_AGGRESSIVE;
				GCC_WARN_UNUSED_FUNCTION = YES;
				GCC_WARN_UNUSED_VARIABLE = YES;
				IPHONEOS_DEPLOYMENT_TARGET = 13.2;
				MTL_ENABLE_DEBUG_INFO = NO;
				MTL_FAST_MATH = YES;
				SDKROOT = iphoneos;
				SWIFT_COMPILATION_MODE = wholemodule;
				SWIFT_OPTIMIZATION_LEVEL = "-O";
				VALIDATE_PRODUCT = YES;
			};
			name = Release;
		};
		CBC220D62428497600D331C5 /* Debug */ = {
			isa = XCBuildConfiguration;
			buildSettings = {
				ASSETCATALOG_COMPILER_APPICON_NAME = AppIcon;
				CODE_SIGN_STYLE = Automatic;
				DEVELOPMENT_TEAM = 646XC4LJ39;
				INFOPLIST_FILE = UIControlExtensions/Info.plist;
				LD_RUNPATH_SEARCH_PATHS = (
					"$(inherited)",
					"@executable_path/Frameworks",
				);
				PRODUCT_BUNDLE_IDENTIFIER = com.developers.UIControlExtensions;
				PRODUCT_NAME = "$(TARGET_NAME)";
				SWIFT_VERSION = 5.0;
				TARGETED_DEVICE_FAMILY = "1,2";
			};
			name = Debug;
		};
		CBC220D72428497600D331C5 /* Release */ = {
			isa = XCBuildConfiguration;
			buildSettings = {
				ASSETCATALOG_COMPILER_APPICON_NAME = AppIcon;
				CODE_SIGN_STYLE = Automatic;
				DEVELOPMENT_TEAM = 646XC4LJ39;
				INFOPLIST_FILE = UIControlExtensions/Info.plist;
				LD_RUNPATH_SEARCH_PATHS = (
					"$(inherited)",
					"@executable_path/Frameworks",
				);
				PRODUCT_BUNDLE_IDENTIFIER = com.developers.UIControlExtensions;
				PRODUCT_NAME = "$(TARGET_NAME)";
				SWIFT_VERSION = 5.0;
				TARGETED_DEVICE_FAMILY = "1,2";
			};
			name = Release;
		};
/* End XCBuildConfiguration section */

/* Begin XCConfigurationList section */
		CBC220BC2428497400D331C5 /* Build configuration list for PBXProject "UIControlExtensions" */ = {
			isa = XCConfigurationList;
			buildConfigurations = (
				CBC220D32428497600D331C5 /* Debug */,
				CBC220D42428497600D331C5 /* Release */,
			);
			defaultConfigurationIsVisible = 0;
			defaultConfigurationName = Release;
		};
		CBC220D52428497600D331C5 /* Build configuration list for PBXNativeTarget "UIControlExtensions" */ = {
			isa = XCConfigurationList;
			buildConfigurations = (
				CBC220D62428497600D331C5 /* Debug */,
				CBC220D72428497600D331C5 /* Release */,
			);
			defaultConfigurationIsVisible = 0;
			defaultConfigurationName = Release;
		};
/* End XCConfigurationList section */
	};
	rootObject = CBC220B92428497400D331C5 /* Project object */;
}
